// !$*UTF8*$!
{
	archiveVersion = 1;
	classes = {
	};
	objectVersion = 46;
	objects = {

/* Begin PBXBuildFile section */
		857523CE1D29F5420009EDF3 /* main.m in Sources */ = {isa = PBXBuildFile; fileRef = 857523CD1D29F5420009EDF3 /* main.m */; };
		857523D11D29F5420009EDF3 /* AppDelegate.m in Sources */ = {isa = PBXBuildFile; fileRef = 857523D01D29F5420009EDF3 /* AppDelegate.m */; };
		857523D41D29F5420009EDF3 /* ViewController.m in Sources */ = {isa = PBXBuildFile; fileRef = 857523D31D29F5420009EDF3 /* ViewController.m */; };
		857523D71D29F5430009EDF3 /* Main.storyboard in Resources */ = {isa = PBXBuildFile; fileRef = 857523D51D29F5430009EDF3 /* Main.storyboard */; };
		857523D91D29F5430009EDF3 /* Assets.xcassets in Resources */ = {isa = PBXBuildFile; fileRef = 857523D81D29F5430009EDF3 /* Assets.xcassets */; };
		857523DC1D29F5430009EDF3 /* LaunchScreen.storyboard in Resources */ = {isa = PBXBuildFile; fileRef = 857523DA1D29F5430009EDF3 /* LaunchScreen.storyboard */; };
		857523EC1D2D023C0009EDF3 /* CustomTableViewCell.m in Sources */ = {isa = PBXBuildFile; fileRef = 857523EB1D2D023C0009EDF3 /* CustomTableViewCell.m */; };
		857523EF1D2D02D50009EDF3 /* SecondDemoViewController.m in Sources */ = {isa = PBXBuildFile; fileRef = 857523EE1D2D02D50009EDF3 /* SecondDemoViewController.m */; };
		857523F21D2D45AF0009EDF3 /* FourthDemoViewController.m in Sources */ = {isa = PBXBuildFile; fileRef = 857523F11D2D45AF0009EDF3 /* FourthDemoViewController.m */; };
		857523F51D2D45D20009EDF3 /* FourthTableViewCell.m in Sources */ = {isa = PBXBuildFile; fileRef = 857523F41D2D45D20009EDF3 /* FourthTableViewCell.m */; };
		857523F91D2DEC4A0009EDF3 /* LeftTableViewController.m in Sources */ = {isa = PBXBuildFile; fileRef = 857523F81D2DEC4A0009EDF3 /* LeftTableViewController.m */; };
		857523FC1D2DF0810009EDF3 /* FiveMainViewController.m in Sources */ = {isa = PBXBuildFile; fileRef = 857523FB1D2DF0810009EDF3 /* FiveMainViewController.m */; };
		857523FF1D2DF0FD0009EDF3 /* RightTableViewController.m in Sources */ = {isa = PBXBuildFile; fileRef = 857523FE1D2DF0FD0009EDF3 /* RightTableViewController.m */; };
		857524021D2DFF900009EDF3 /* readme5-1.md in Sources */ = {isa = PBXBuildFile; fileRef = 857524011D2DFF900009EDF3 /* readme5-1.md */; };
		857524051D2E00590009EDF3 /* FirstViewController.m in Sources */ = {isa = PBXBuildFile; fileRef = 857524041D2E00590009EDF3 /* FirstViewController.m */; };
		857524081D2E006E0009EDF3 /* SecondViewController.m in Sources */ = {isa = PBXBuildFile; fileRef = 857524071D2E006E0009EDF3 /* SecondViewController.m */; };
		8575240B1D2E00860009EDF3 /* ThirdViewController.m in Sources */ = {isa = PBXBuildFile; fileRef = 8575240A1D2E00860009EDF3 /* ThirdViewController.m */; };
		8575240E1D2E01E80009EDF3 /* Main5_1ViewController.m in Sources */ = {isa = PBXBuildFile; fileRef = 8575240D1D2E01E80009EDF3 /* Main5_1ViewController.m */; };
		857524101D2E4D790009EDF3 /* readme5.0.md in Sources */ = {isa = PBXBuildFile; fileRef = 8575240F1D2E4D790009EDF3 /* readme5.0.md */; };
		857524661D2F3C9A0009EDF3 /* wuyanzu.jpg in Resources */ = {isa = PBXBuildFile; fileRef = 857524651D2F3C9A0009EDF3 /* wuyanzu.jpg */; };
		8575246A1D2F62CC0009EDF3 /* SevenViewController.m in Sources */ = {isa = PBXBuildFile; fileRef = 857524691D2F62CC0009EDF3 /* SevenViewController.m */; };
		8575246C1D2F6B1F0009EDF3 /* wuyanzuvatar.jpg in Resources */ = {isa = PBXBuildFile; fileRef = 8575246B1D2F6B1F0009EDF3 /* wuyanzuvatar.jpg */; };
/* End PBXBuildFile section */

/* Begin PBXFileReference section */
		857523C91D29F5420009EDF3 /* GuideTest.app */ = {isa = PBXFileReference; explicitFileType = wrapper.application; includeInIndex = 0; path = GuideTest.app; sourceTree = BUILT_PRODUCTS_DIR; };
		857523CD1D29F5420009EDF3 /* main.m */ = {isa = PBXFileReference; lastKnownFileType = sourcecode.c.objc; path = main.m; sourceTree = "<group>"; };
		857523CF1D29F5420009EDF3 /* AppDelegate.h */ = {isa = PBXFileReference; lastKnownFileType = sourcecode.c.h; path = AppDelegate.h; sourceTree = "<group>"; };
		857523D01D29F5420009EDF3 /* AppDelegate.m */ = {isa = PBXFileReference; lastKnownFileType = sourcecode.c.objc; path = AppDelegate.m; sourceTree = "<group>"; };
		857523D21D29F5420009EDF3 /* ViewController.h */ = {isa = PBXFileReference; lastKnownFileType = sourcecode.c.h; path = ViewController.h; sourceTree = "<group>"; };
		857523D31D29F5420009EDF3 /* ViewController.m */ = {isa = PBXFileReference; lastKnownFileType = sourcecode.c.objc; path = ViewController.m; sourceTree = "<group>"; };
		857523D61D29F5430009EDF3 /* Base */ = {isa = PBXFileReference; lastKnownFileType = file.storyboard; name = Base; path = Base.lproj/Main.storyboard; sourceTree = "<group>"; };
		857523D81D29F5430009EDF3 /* Assets.xcassets */ = {isa = PBXFileReference; lastKnownFileType = folder.assetcatalog; path = Assets.xcassets; sourceTree = "<group>"; };
		857523DB1D29F5430009EDF3 /* Base */ = {isa = PBXFileReference; lastKnownFileType = file.storyboard; name = Base; path = Base.lproj/LaunchScreen.storyboard; sourceTree = "<group>"; };
		857523DD1D29F5430009EDF3 /* Info.plist */ = {isa = PBXFileReference; lastKnownFileType = text.plist.xml; path = Info.plist; sourceTree = "<group>"; };
		857523EA1D2D023C0009EDF3 /* CustomTableViewCell.h */ = {isa = PBXFileReference; fileEncoding = 4; lastKnownFileType = sourcecode.c.h; path = CustomTableViewCell.h; sourceTree = "<group>"; };
		857523EB1D2D023C0009EDF3 /* CustomTableViewCell.m */ = {isa = PBXFileReference; fileEncoding = 4; lastKnownFileType = sourcecode.c.objc; path = CustomTableViewCell.m; sourceTree = "<group>"; };
		857523ED1D2D02D50009EDF3 /* SecondDemoViewController.h */ = {isa = PBXFileReference; fileEncoding = 4; lastKnownFileType = sourcecode.c.h; path = SecondDemoViewController.h; sourceTree = "<group>"; };
		857523EE1D2D02D50009EDF3 /* SecondDemoViewController.m */ = {isa = PBXFileReference; fileEncoding = 4; lastKnownFileType = sourcecode.c.objc; path = SecondDemoViewController.m; sourceTree = "<group>"; };
		857523F01D2D45AF0009EDF3 /* FourthDemoViewController.h */ = {isa = PBXFileReference; fileEncoding = 4; lastKnownFileType = sourcecode.c.h; path = FourthDemoViewController.h; sourceTree = "<group>"; };
		857523F11D2D45AF0009EDF3 /* FourthDemoViewController.m */ = {isa = PBXFileReference; fileEncoding = 4; lastKnownFileType = sourcecode.c.objc; path = FourthDemoViewController.m; sourceTree = "<group>"; };
		857523F31D2D45D20009EDF3 /* FourthTableViewCell.h */ = {isa = PBXFileReference; fileEncoding = 4; lastKnownFileType = sourcecode.c.h; path = FourthTableViewCell.h; sourceTree = "<group>"; };
		857523F41D2D45D20009EDF3 /* FourthTableViewCell.m */ = {isa = PBXFileReference; fileEncoding = 4; lastKnownFileType = sourcecode.c.objc; path = FourthTableViewCell.m; sourceTree = "<group>"; };
		857523F71D2DEC4A0009EDF3 /* LeftTableViewController.h */ = {isa = PBXFileReference; fileEncoding = 4; lastKnownFileType = sourcecode.c.h; path = LeftTableViewController.h; sourceTree = "<group>"; };
		857523F81D2DEC4A0009EDF3 /* LeftTableViewController.m */ = {isa = PBXFileReference; fileEncoding = 4; lastKnownFileType = sourcecode.c.objc; path = LeftTableViewController.m; sourceTree = "<group>"; };
		857523FA1D2DF0810009EDF3 /* FiveMainViewController.h */ = {isa = PBXFileReference; fileEncoding = 4; lastKnownFileType = sourcecode.c.h; path = FiveMainViewController.h; sourceTree = "<group>"; };
		857523FB1D2DF0810009EDF3 /* FiveMainViewController.m */ = {isa = PBXFileReference; fileEncoding = 4; lastKnownFileType = sourcecode.c.objc; path = FiveMainViewController.m; sourceTree = "<group>"; };
		857523FD1D2DF0FD0009EDF3 /* RightTableViewController.h */ = {isa = PBXFileReference; fileEncoding = 4; lastKnownFileType = sourcecode.c.h; path = RightTableViewController.h; sourceTree = "<group>"; };
		857523FE1D2DF0FD0009EDF3 /* RightTableViewController.m */ = {isa = PBXFileReference; fileEncoding = 4; lastKnownFileType = sourcecode.c.objc; path = RightTableViewController.m; sourceTree = "<group>"; };
		857524011D2DFF900009EDF3 /* readme5-1.md */ = {isa = PBXFileReference; fileEncoding = 4; lastKnownFileType = net.daringfireball.markdown; path = "readme5-1.md"; sourceTree = "<group>"; };
		857524031D2E00590009EDF3 /* FirstViewController.h */ = {isa = PBXFileReference; fileEncoding = 4; lastKnownFileType = sourcecode.c.h; path = FirstViewController.h; sourceTree = "<group>"; };
		857524041D2E00590009EDF3 /* FirstViewController.m */ = {isa = PBXFileReference; fileEncoding = 4; lastKnownFileType = sourcecode.c.objc; path = FirstViewController.m; sourceTree = "<group>"; };
		857524061D2E006E0009EDF3 /* SecondViewController.h */ = {isa = PBXFileReference; fileEncoding = 4; lastKnownFileType = sourcecode.c.h; path = SecondViewController.h; sourceTree = "<group>"; };
		857524071D2E006E0009EDF3 /* SecondViewController.m */ = {isa = PBXFileReference; fileEncoding = 4; lastKnownFileType = sourcecode.c.objc; path = SecondViewController.m; sourceTree = "<group>"; };
		857524091D2E00860009EDF3 /* ThirdViewController.h */ = {isa = PBXFileReference; fileEncoding = 4; lastKnownFileType = sourcecode.c.h; path = ThirdViewController.h; sourceTree = "<group>"; };
		8575240A1D2E00860009EDF3 /* ThirdViewController.m */ = {isa = PBXFileReference; fileEncoding = 4; lastKnownFileType = sourcecode.c.objc; path = ThirdViewController.m; sourceTree = "<group>"; };
		8575240C1D2E01E80009EDF3 /* Main5_1ViewController.h */ = {isa = PBXFileReference; fileEncoding = 4; lastKnownFileType = sourcecode.c.h; path = Main5_1ViewController.h; sourceTree = "<group>"; };
		8575240D1D2E01E80009EDF3 /* Main5_1ViewController.m */ = {isa = PBXFileReference; fileEncoding = 4; lastKnownFileType = sourcecode.c.objc; path = Main5_1ViewController.m; sourceTree = "<group>"; };
		8575240F1D2E4D790009EDF3 /* readme5.0.md */ = {isa = PBXFileReference; fileEncoding = 4; lastKnownFileType = net.daringfireball.markdown; path = readme5.0.md; sourceTree = "<group>"; };
		857524651D2F3C9A0009EDF3 /* wuyanzu.jpg */ = {isa = PBXFileReference; lastKnownFileType = image.jpeg; path = wuyanzu.jpg; sourceTree = "<group>"; };
		857524681D2F62CC0009EDF3 /* SevenViewController.h */ = {isa = PBXFileReference; fileEncoding = 4; lastKnownFileType = sourcecode.c.h; path = SevenViewController.h; sourceTree = "<group>"; };
		857524691D2F62CC0009EDF3 /* SevenViewController.m */ = {isa = PBXFileReference; fileEncoding = 4; lastKnownFileType = sourcecode.c.objc; path = SevenViewController.m; sourceTree = "<group>"; };
		8575246B1D2F6B1F0009EDF3 /* wuyanzuvatar.jpg */ = {isa = PBXFileReference; lastKnownFileType = image.jpeg; path = wuyanzuvatar.jpg; sourceTree = "<group>"; };
/* End PBXFileReference section */

/* Begin PBXFrameworksBuildPhase section */
		857523C61D29F5420009EDF3 /* Frameworks */ = {
			isa = PBXFrameworksBuildPhase;
			buildActionMask = 2147483647;
			files = (
			);
			runOnlyForDeploymentPostprocessing = 0;
		};
/* End PBXFrameworksBuildPhase section */

/* Begin PBXGroup section */
		857523C01D29F5410009EDF3 = {
			isa = PBXGroup;
			children = (
				857523CB1D29F5420009EDF3 /* GuideTest */,
				857523CA1D29F5420009EDF3 /* Products */,
			);
			sourceTree = "<group>";
		};
		857523CA1D29F5420009EDF3 /* Products */ = {
			isa = PBXGroup;
			children = (
				857523C91D29F5420009EDF3 /* GuideTest.app */,
			);
			name = Products;
			sourceTree = "<group>";
		};
		857523CB1D29F5420009EDF3 /* GuideTest */ = {
			isa = PBXGroup;
			children = (
				857524671D2F60CB0009EDF3 /* 7 */,
				857524641D2F399B0009EDF3 /* 6 */,
				857524631D2F33840009EDF3 /* 4 */,
				857524621D2F33800009EDF3 /* 3 */,
				857524611D2F337A0009EDF3 /* 2 */,
				857524601D2F33720009EDF3 /* 1 */,
				857524001D2DFF640009EDF3 /* 5-1 */,
				857523F61D2DEC020009EDF3 /* 5 */,
				857523CF1D29F5420009EDF3 /* AppDelegate.h */,
				857523D01D29F5420009EDF3 /* AppDelegate.m */,
				857523D21D29F5420009EDF3 /* ViewController.h */,
				857523D31D29F5420009EDF3 /* ViewController.m */,
				857523D51D29F5430009EDF3 /* Main.storyboard */,
				857523D81D29F5430009EDF3 /* Assets.xcassets */,
				857523DA1D29F5430009EDF3 /* LaunchScreen.storyboard */,
				857523DD1D29F5430009EDF3 /* Info.plist */,
				857523CC1D29F5420009EDF3 /* Supporting Files */,
			);
			path = GuideTest;
			sourceTree = "<group>";
		};
		857523CC1D29F5420009EDF3 /* Supporting Files */ = {
			isa = PBXGroup;
			children = (
				857523CD1D29F5420009EDF3 /* main.m */,
			);
			name = "Supporting Files";
			sourceTree = "<group>";
		};
		857523E91D2D02050009EDF3 /* cell */ = {
			isa = PBXGroup;
			children = (
				857523F31D2D45D20009EDF3 /* FourthTableViewCell.h */,
				857523F41D2D45D20009EDF3 /* FourthTableViewCell.m */,
			);
			name = cell;
			sourceTree = "<group>";
		};
		857523F61D2DEC020009EDF3 /* 5 */ = {
			isa = PBXGroup;
			children = (
				857523F71D2DEC4A0009EDF3 /* LeftTableViewController.h */,
				857523F81D2DEC4A0009EDF3 /* LeftTableViewController.m */,
				857523FA1D2DF0810009EDF3 /* FiveMainViewController.h */,
				857523FB1D2DF0810009EDF3 /* FiveMainViewController.m */,
				857523FD1D2DF0FD0009EDF3 /* RightTableViewController.h */,
				857523FE1D2DF0FD0009EDF3 /* RightTableViewController.m */,
				8575240F1D2E4D790009EDF3 /* readme5.0.md */,
			);
			name = 5;
			sourceTree = "<group>";
		};
		857524001D2DFF640009EDF3 /* 5-1 */ = {
			isa = PBXGroup;
			children = (
				857524011D2DFF900009EDF3 /* readme5-1.md */,
				857524031D2E00590009EDF3 /* FirstViewController.h */,
				857524041D2E00590009EDF3 /* FirstViewController.m */,
				857524061D2E006E0009EDF3 /* SecondViewController.h */,
				857524071D2E006E0009EDF3 /* SecondViewController.m */,
				857524091D2E00860009EDF3 /* ThirdViewController.h */,
				8575240A1D2E00860009EDF3 /* ThirdViewController.m */,
				8575240C1D2E01E80009EDF3 /* Main5_1ViewController.h */,
				8575240D1D2E01E80009EDF3 /* Main5_1ViewController.m */,
			);
			name = "5-1";
			sourceTree = "<group>";
		};
		857524601D2F33720009EDF3 /* 1 */ = {
			isa = PBXGroup;
			children = (
			);
			name = 1;
			sourceTree = "<group>";
		};
		857524611D2F337A0009EDF3 /* 2 */ = {
			isa = PBXGroup;
			children = (
				857523EA1D2D023C0009EDF3 /* CustomTableViewCell.h */,
				857523EB1D2D023C0009EDF3 /* CustomTableViewCell.m */,
				857523ED1D2D02D50009EDF3 /* SecondDemoViewController.h */,
				857523EE1D2D02D50009EDF3 /* SecondDemoViewController.m */,
			);
			name = 2;
			sourceTree = "<group>";
		};
		857524621D2F33800009EDF3 /* 3 */ = {
			isa = PBXGroup;
			children = (
			);
			name = 3;
			sourceTree = "<group>";
		};
		857524631D2F33840009EDF3 /* 4 */ = {
			isa = PBXGroup;
			children = (
				857523E91D2D02050009EDF3 /* cell */,
				857523F01D2D45AF0009EDF3 /* FourthDemoViewController.h */,
				857523F11D2D45AF0009EDF3 /* FourthDemoViewController.m */,
			);
			name = 4;
			sourceTree = "<group>";
		};
		857524641D2F399B0009EDF3 /* 6 */ = {
			isa = PBXGroup;
			children = (
				857524651D2F3C9A0009EDF3 /* wuyanzu.jpg */,
			);
			name = 6;
			sourceTree = "<group>";
		};
		857524671D2F60CB0009EDF3 /* 7 */ = {
			isa = PBXGroup;
			children = (
				8575246B1D2F6B1F0009EDF3 /* wuyanzuvatar.jpg */,
				857524681D2F62CC0009EDF3 /* SevenViewController.h */,
				857524691D2F62CC0009EDF3 /* SevenViewController.m */,
			);
			name = 7;
			sourceTree = "<group>";
		};
/* End PBXGroup section */

/* Begin PBXNativeTarget section */
		857523C81D29F5420009EDF3 /* GuideTest */ = {
			isa = PBXNativeTarget;
			buildConfigurationList = 857523E01D29F5430009EDF3 /* Build configuration list for PBXNativeTarget "GuideTest" */;
			buildPhases = (
				857523C51D29F5420009EDF3 /* Sources */,
				857523C61D29F5420009EDF3 /* Frameworks */,
				857523C71D29F5420009EDF3 /* Resources */,
			);
			buildRules = (
			);
			dependencies = (
			);
			name = GuideTest;
			productName = GuideTest;
			productReference = 857523C91D29F5420009EDF3 /* GuideTest.app */;
			productType = "com.apple.product-type.application";
		};
/* End PBXNativeTarget section */

/* Begin PBXProject section */
		857523C11D29F5410009EDF3 /* Project object */ = {
			isa = PBXProject;
			attributes = {
				LastUpgradeCheck = 0730;
				ORGANIZATIONNAME = com.wiscess;
				TargetAttributes = {
					857523C81D29F5420009EDF3 = {
						CreatedOnToolsVersion = 7.3;
					};
				};
			};
			buildConfigurationList = 857523C41D29F5410009EDF3 /* Build configuration list for PBXProject "GuideTest" */;
			compatibilityVersion = "Xcode 3.2";
			developmentRegion = English;
			hasScannedForEncodings = 0;
			knownRegions = (
				en,
				Base,
			);
			mainGroup = 857523C01D29F5410009EDF3;
			productRefGroup = 857523CA1D29F5420009EDF3 /* Products */;
			projectDirPath = "";
			projectRoot = "";
			targets = (
				857523C81D29F5420009EDF3 /* GuideTest */,
			);
		};
/* End PBXProject section */

/* Begin PBXResourcesBuildPhase section */
		857523C71D29F5420009EDF3 /* Resources */ = {
			isa = PBXResourcesBuildPhase;
			buildActionMask = 2147483647;
			files = (
				857523DC1D29F5430009EDF3 /* LaunchScreen.storyboard in Resources */,
				857524661D2F3C9A0009EDF3 /* wuyanzu.jpg in Resources */,
				857523D91D29F5430009EDF3 /* Assets.xcassets in Resources */,
				8575246C1D2F6B1F0009EDF3 /* wuyanzuvatar.jpg in Resources */,
				857523D71D29F5430009EDF3 /* Main.storyboard in Resources */,
			);
			runOnlyForDeploymentPostprocessing = 0;
		};
/* End PBXResourcesBuildPhase section */

/* Begin PBXSourcesBuildPhase section */
		857523C51D29F5420009EDF3 /* Sources */ = {
			isa = PBXSourcesBuildPhase;
			buildActionMask = 2147483647;
			files = (
				857524021D2DFF900009EDF3 /* readme5-1.md in Sources */,
				857524081D2E006E0009EDF3 /* SecondViewController.m in Sources */,
				857523EF1D2D02D50009EDF3 /* SecondDemoViewController.m in Sources */,
				857523D41D29F5420009EDF3 /* ViewController.m in Sources */,
				857523D11D29F5420009EDF3 /* AppDelegate.m in Sources */,
				857523F51D2D45D20009EDF3 /* FourthTableViewCell.m in Sources */,
				8575240B1D2E00860009EDF3 /* ThirdViewController.m in Sources */,
				857523FF1D2DF0FD0009EDF3 /* RightTableViewController.m in Sources */,
				8575246A1D2F62CC0009EDF3 /* SevenViewController.m in Sources */,
				8575240E1D2E01E80009EDF3 /* Main5_1ViewController.m in Sources */,
				857523EC1D2D023C0009EDF3 /* CustomTableViewCell.m in Sources */,
				857524051D2E00590009EDF3 /* FirstViewController.m in Sources */,
				857523CE1D29F5420009EDF3 /* main.m in Sources */,
				857524101D2E4D790009EDF3 /* readme5.0.md in Sources */,
				857523FC1D2DF0810009EDF3 /* FiveMainViewController.m in Sources */,
				857523F91D2DEC4A0009EDF3 /* LeftTableViewController.m in Sources */,
				857523F21D2D45AF0009EDF3 /* FourthDemoViewController.m in Sources */,
			);
			runOnlyForDeploymentPostprocessing = 0;
		};
/* End PBXSourcesBuildPhase section */

/* Begin PBXVariantGroup section */
		857523D51D29F5430009EDF3 /* Main.storyboard */ = {
			isa = PBXVariantGroup;
			children = (
				857523D61D29F5430009EDF3 /* Base */,
			);
			name = Main.storyboard;
			sourceTree = "<group>";
		};
		857523DA1D29F5430009EDF3 /* LaunchScreen.storyboard */ = {
			isa = PBXVariantGroup;
			children = (
				857523DB1D29F5430009EDF3 /* Base */,
			);
			name = LaunchScreen.storyboard;
			sourceTree = "<group>";
		};
/* End PBXVariantGroup section */

/* Begin XCBuildConfiguration section */
		857523DE1D29F5430009EDF3 /* Debug */ = {
			isa = XCBuildConfiguration;
			buildSettings = {
				ALWAYS_SEARCH_USER_PATHS = NO;
				CLANG_ANALYZER_NONNULL = YES;
				CLANG_CXX_LANGUAGE_STANDARD = "gnu++0x";
				CLANG_CXX_LIBRARY = "libc++";
				CLANG_ENABLE_MODULES = YES;
				CLANG_ENABLE_OBJC_ARC = YES;
				CLANG_WARN_BOOL_CONVERSION = YES;
				CLANG_WARN_CONSTANT_CONVERSION = YES;
				CLANG_WARN_DIRECT_OBJC_ISA_USAGE = YES_ERROR;
				CLANG_WARN_EMPTY_BODY = YES;
				CLANG_WARN_ENUM_CONVERSION = YES;
				CLANG_WARN_INT_CONVERSION = YES;
				CLANG_WARN_OBJC_ROOT_CLASS = YES_ERROR;
				CLANG_WARN_UNREACHABLE_CODE = YES;
				CLANG_WARN__DUPLICATE_METHOD_MATCH = YES;
				"CODE_SIGN_IDENTITY[sdk=iphoneos*]" = "iPhone Developer";
				COPY_PHASE_STRIP = NO;
				DEBUG_INFORMATION_FORMAT = dwarf;
				ENABLE_STRICT_OBJC_MSGSEND = YES;
				ENABLE_TESTABILITY = YES;
				GCC_C_LANGUAGE_STANDARD = gnu99;
				GCC_DYNAMIC_NO_PIC = NO;
				GCC_NO_COMMON_BLOCKS = YES;
				GCC_OPTIMIZATION_LEVEL = 0;
				GCC_PREPROCESSOR_DEFINITIONS = (
					"DEBUG=1",
					"$(inherited)",
				);
				GCC_WARN_64_TO_32_BIT_CONVERSION = YES;
				GCC_WARN_ABOUT_RETURN_TYPE = YES_ERROR;
				GCC_WARN_UNDECLARED_SELECTOR = YES;
				GCC_WARN_UNINITIALIZED_AUTOS = YES_AGGRESSIVE;
				GCC_WARN_UNUSED_FUNCTION = YES;
				GCC_WARN_UNUSED_VARIABLE = YES;
				IPHONEOS_DEPLOYMENT_TARGET = 9.3;
				MTL_ENABLE_DEBUG_INFO = YES;
				ONLY_ACTIVE_ARCH = YES;
				SDKROOT = iphoneos;
			};
			name = Debug;
		};
		857523DF1D29F5430009EDF3 /* Release */ = {
			isa = XCBuildConfiguration;
			buildSettings = {
				ALWAYS_SEARCH_USER_PATHS = NO;
				CLANG_ANALYZER_NONNULL = YES;
				CLANG_CXX_LANGUAGE_STANDARD = "gnu++0x";
				CLANG_CXX_LIBRARY = "libc++";
				CLANG_ENABLE_MODULES = YES;
				CLANG_ENABLE_OBJC_ARC = YES;
				CLANG_WARN_BOOL_CONVERSION = YES;
				CLANG_WARN_CONSTANT_CONVERSION = YES;
				CLANG_WARN_DIRECT_OBJC_ISA_USAGE = YES_ERROR;
				CLANG_WARN_EMPTY_BODY = YES;
				CLANG_WARN_ENUM_CONVERSION = YES;
				CLANG_WARN_INT_CONVERSION = YES;
				CLANG_WARN_OBJC_ROOT_CLASS = YES_ERROR;
				CLANG_WARN_UNREACHABLE_CODE = YES;
				CLANG_WARN__DUPLICATE_METHOD_MATCH = YES;
				"CODE_SIGN_IDENTITY[sdk=iphoneos*]" = "iPhone Developer";
				COPY_PHASE_STRIP = NO;
				DEBUG_INFORMATION_FORMAT = "dwarf-with-dsym";
				ENABLE_NS_ASSERTIONS = NO;
				ENABLE_STRICT_OBJC_MSGSEND = YES;
				GCC_C_LANGUAGE_STANDARD = gnu99;
				GCC_NO_COMMON_BLOCKS = YES;
				GCC_WARN_64_TO_32_BIT_CONVERSION = YES;
				GCC_WARN_ABOUT_RETURN_TYPE = YES_ERROR;
				GCC_WARN_UNDECLARED_SELECTOR = YES;
				GCC_WARN_UNINITIALIZED_AUTOS = YES_AGGRESSIVE;
				GCC_WARN_UNUSED_FUNCTION = YES;
				GCC_WARN_UNUSED_VARIABLE = YES;
				IPHONEOS_DEPLOYMENT_TARGET = 9.3;
				MTL_ENABLE_DEBUG_INFO = NO;
				SDKROOT = iphoneos;
				VALIDATE_PRODUCT = YES;
			};
			name = Release;
		};
		857523E11D29F5430009EDF3 /* Debug */ = {
			isa = XCBuildConfiguration;
			buildSettings = {
				ASSETCATALOG_COMPILER_APPICON_NAME = AppIcon;
				INFOPLIST_FILE = GuideTest/Info.plist;
				LD_RUNPATH_SEARCH_PATHS = "$(inherited) @executable_path/Frameworks";
				PRODUCT_BUNDLE_IDENTIFIER = com.wiscess.test.GuideTest;
				PRODUCT_NAME = "$(TARGET_NAME)";
			};
			name = Debug;
		};
		857523E21D29F5430009EDF3 /* Release */ = {
			isa = XCBuildConfiguration;
			buildSettings = {
				ASSETCATALOG_COMPILER_APPICON_NAME = AppIcon;
				INFOPLIST_FILE = GuideTest/Info.plist;
				LD_RUNPATH_SEARCH_PATHS = "$(inherited) @executable_path/Frameworks";
				PRODUCT_BUNDLE_IDENTIFIER = com.wiscess.test.GuideTest;
				PRODUCT_NAME = "$(TARGET_NAME)";
			};
			name = Release;
		};
/* End XCBuildConfiguration section */

/* Begin XCConfigurationList section */
		857523C41D29F5410009EDF3 /* Build configuration list for PBXProject "GuideTest" */ = {
			isa = XCConfigurationList;
			buildConfigurations = (
				857523DE1D29F5430009EDF3 /* Debug */,
				857523DF1D29F5430009EDF3 /* Release */,
			);
			defaultConfigurationIsVisible = 0;
			defaultConfigurationName = Release;
		};
		857523E01D29F5430009EDF3 /* Build configuration list for PBXNativeTarget "GuideTest" */ = {
			isa = XCConfigurationList;
			buildConfigurations = (
				857523E11D29F5430009EDF3 /* Debug */,
				857523E21D29F5430009EDF3 /* Release */,
			);
			defaultConfigurationIsVisible = 0;
			defaultConfigurationName = Release;
		};
/* End XCConfigurationList section */
	};
	rootObject = 857523C11D29F5410009EDF3 /* Project object */;
}
